// !$*UTF8*$!
{
	archiveVersion = 1;
	classes = {
	};
	objectVersion = 50;
	objects = {

/* Begin PBXBuildFile section */
		044A88E7236D9D10001B02C3 /* AddViewController.swift in Sources */ = {isa = PBXBuildFile; fileRef = 044A88E6236D9D10001B02C3 /* AddViewController.swift */; };
		044A88F0236DA13D001B02C3 /* HeroModel+CoreDataClass.swift in Sources */ = {isa = PBXBuildFile; fileRef = 044A88EE236DA13D001B02C3 /* HeroModel+CoreDataClass.swift */; };
		0478D4CE236DC44300E3179F /* UIView+Extension.swift in Sources */ = {isa = PBXBuildFile; fileRef = 0478D4CD236DC44300E3179F /* UIView+Extension.swift */; };
		04BE6464236EAD0D00D263BE /* HeroDetailViewController.swift in Sources */ = {isa = PBXBuildFile; fileRef = 04BE6463236EAD0D00D263BE /* HeroDetailViewController.swift */; };
		04BE6466236EBCF600D263BE /* HeroModel+CoreDataProperties.swift in Sources */ = {isa = PBXBuildFile; fileRef = 04BE6465236EBCF600D263BE /* HeroModel+CoreDataProperties.swift */; };
		04BE6469236EC34B00D263BE /* Localizable.strings in Resources */ = {isa = PBXBuildFile; fileRef = 04BE646B236EC34B00D263BE /* Localizable.strings */; };
		04EF6864236B161400C141F6 /* AppDelegate.swift in Sources */ = {isa = PBXBuildFile; fileRef = 04EF6863236B161400C141F6 /* AppDelegate.swift */; };
		04EF6866236B161400C141F6 /* ViewController.swift in Sources */ = {isa = PBXBuildFile; fileRef = 04EF6865236B161400C141F6 /* ViewController.swift */; };
		04EF6869236B161400C141F6 /* Main.storyboard in Resources */ = {isa = PBXBuildFile; fileRef = 04EF6867236B161400C141F6 /* Main.storyboard */; };
		04EF686C236B161400C141F6 /* Me_See_Hero.xcdatamodeld in Sources */ = {isa = PBXBuildFile; fileRef = 04EF686A236B161400C141F6 /* Me_See_Hero.xcdatamodeld */; };
		04EF686E236B161500C141F6 /* Assets.xcassets in Resources */ = {isa = PBXBuildFile; fileRef = 04EF686D236B161500C141F6 /* Assets.xcassets */; };
		04EF6871236B161500C141F6 /* LaunchScreen.storyboard in Resources */ = {isa = PBXBuildFile; fileRef = 04EF686F236B161500C141F6 /* LaunchScreen.storyboard */; };
		04EF687C236B161500C141F6 /* Me_See_HeroTests.swift in Sources */ = {isa = PBXBuildFile; fileRef = 04EF687B236B161500C141F6 /* Me_See_HeroTests.swift */; };
		04EF6887236B161500C141F6 /* Me_See_HeroUITests.swift in Sources */ = {isa = PBXBuildFile; fileRef = 04EF6886236B161500C141F6 /* Me_See_HeroUITests.swift */; };
/* End PBXBuildFile section */

/* Begin PBXContainerItemProxy section */
		04EF6878236B161500C141F6 /* PBXContainerItemProxy */ = {
			isa = PBXContainerItemProxy;
			containerPortal = 04EF6858236B161400C141F6 /* Project object */;
			proxyType = 1;
			remoteGlobalIDString = 04EF685F236B161400C141F6;
			remoteInfo = "Me See Hero";
		};
		04EF6883236B161500C141F6 /* PBXContainerItemProxy */ = {
			isa = PBXContainerItemProxy;
			containerPortal = 04EF6858236B161400C141F6 /* Project object */;
			proxyType = 1;
			remoteGlobalIDString = 04EF685F236B161400C141F6;
			remoteInfo = "Me See Hero";
		};
/* End PBXContainerItemProxy section */

/* Begin PBXFileReference section */
		044A88E6236D9D10001B02C3 /* AddViewController.swift */ = {isa = PBXFileReference; lastKnownFileType = sourcecode.swift; path = AddViewController.swift; sourceTree = "<group>"; };
		044A88E8236D9F2F001B02C3 /* zh-Hans */ = {isa = PBXFileReference; lastKnownFileType = text.plist.strings; name = "zh-Hans"; path = "zh-Hans.lproj/Main.strings"; sourceTree = "<group>"; };
		044A88E9236D9F2F001B02C3 /* zh-Hans */ = {isa = PBXFileReference; lastKnownFileType = text.plist.strings; name = "zh-Hans"; path = "zh-Hans.lproj/LaunchScreen.strings"; sourceTree = "<group>"; };
		044A88EE236DA13D001B02C3 /* HeroModel+CoreDataClass.swift */ = {isa = PBXFileReference; lastKnownFileType = sourcecode.swift; path = "HeroModel+CoreDataClass.swift"; sourceTree = "<group>"; };
		0478D4CD236DC44300E3179F /* UIView+Extension.swift */ = {isa = PBXFileReference; fileEncoding = 4; lastKnownFileType = sourcecode.swift; path = "UIView+Extension.swift"; sourceTree = "<group>"; };
		04BE6463236EAD0D00D263BE /* HeroDetailViewController.swift */ = {isa = PBXFileReference; lastKnownFileType = sourcecode.swift; path = HeroDetailViewController.swift; sourceTree = "<group>"; };
		04BE6465236EBCF600D263BE /* HeroModel+CoreDataProperties.swift */ = {isa = PBXFileReference; lastKnownFileType = sourcecode.swift; path = "HeroModel+CoreDataProperties.swift"; sourceTree = "<group>"; };
		04BE646A236EC34B00D263BE /* en */ = {isa = PBXFileReference; lastKnownFileType = text.plist.strings; name = en; path = en.lproj/Localizable.strings; sourceTree = "<group>"; };
		04EF6860236B161400C141F6 /* Me See Hero.app */ = {isa = PBXFileReference; explicitFileType = wrapper.application; includeInIndex = 0; path = "Me See Hero.app"; sourceTree = BUILT_PRODUCTS_DIR; };
		04EF6863236B161400C141F6 /* AppDelegate.swift */ = {isa = PBXFileReference; lastKnownFileType = sourcecode.swift; path = AppDelegate.swift; sourceTree = "<group>"; };
		04EF6865236B161400C141F6 /* ViewController.swift */ = {isa = PBXFileReference; lastKnownFileType = sourcecode.swift; path = ViewController.swift; sourceTree = "<group>"; };
		04EF6868236B161400C141F6 /* Base */ = {isa = PBXFileReference; lastKnownFileType = file.storyboard; name = Base; path = Base.lproj/Main.storyboard; sourceTree = "<group>"; };
		04EF686B236B161400C141F6 /* Me_See_Hero.xcdatamodel */ = {isa = PBXFileReference; lastKnownFileType = wrapper.xcdatamodel; path = Me_See_Hero.xcdatamodel; sourceTree = "<group>"; };
		04EF686D236B161500C141F6 /* Assets.xcassets */ = {isa = PBXFileReference; lastKnownFileType = folder.assetcatalog; path = Assets.xcassets; sourceTree = "<group>"; };
		04EF6870236B161500C141F6 /* Base */ = {isa = PBXFileReference; lastKnownFileType = file.storyboard; name = Base; path = Base.lproj/LaunchScreen.storyboard; sourceTree = "<group>"; };
		04EF6872236B161500C141F6 /* Info.plist */ = {isa = PBXFileReference; lastKnownFileType = text.plist.xml; path = Info.plist; sourceTree = "<group>"; };
		04EF6877236B161500C141F6 /* Me See HeroTests.xctest */ = {isa = PBXFileReference; explicitFileType = wrapper.cfbundle; includeInIndex = 0; path = "Me See HeroTests.xctest"; sourceTree = BUILT_PRODUCTS_DIR; };
		04EF687B236B161500C141F6 /* Me_See_HeroTests.swift */ = {isa = PBXFileReference; lastKnownFileType = sourcecode.swift; path = Me_See_HeroTests.swift; sourceTree = "<group>"; };
		04EF687D236B161500C141F6 /* Info.plist */ = {isa = PBXFileReference; lastKnownFileType = text.plist.xml; path = Info.plist; sourceTree = "<group>"; };
		04EF6882236B161500C141F6 /* Me See HeroUITests.xctest */ = {isa = PBXFileReference; explicitFileType = wrapper.cfbundle; includeInIndex = 0; path = "Me See HeroUITests.xctest"; sourceTree = BUILT_PRODUCTS_DIR; };
		04EF6886236B161500C141F6 /* Me_See_HeroUITests.swift */ = {isa = PBXFileReference; lastKnownFileType = sourcecode.swift; path = Me_See_HeroUITests.swift; sourceTree = "<group>"; };
		04EF6888236B161500C141F6 /* Info.plist */ = {isa = PBXFileReference; lastKnownFileType = text.plist.xml; path = Info.plist; sourceTree = "<group>"; };
/* End PBXFileReference section */

/* Begin PBXFrameworksBuildPhase section */
		04EF685D236B161400C141F6 /* Frameworks */ = {
			isa = PBXFrameworksBuildPhase;
			buildActionMask = 2147483647;
			files = (
			);
			runOnlyForDeploymentPostprocessing = 0;
		};
		04EF6874236B161500C141F6 /* Frameworks */ = {
			isa = PBXFrameworksBuildPhase;
			buildActionMask = 2147483647;
			files = (
			);
			runOnlyForDeploymentPostprocessing = 0;
		};
		04EF687F236B161500C141F6 /* Frameworks */ = {
			isa = PBXFrameworksBuildPhase;
			buildActionMask = 2147483647;
			files = (
			);
			runOnlyForDeploymentPostprocessing = 0;
		};
/* End PBXFrameworksBuildPhase section */

/* Begin PBXGroup section */
		04EF6857236B161400C141F6 = {
			isa = PBXGroup;
			children = (
				04EF6862236B161400C141F6 /* Me See Hero */,
				04EF687A236B161500C141F6 /* Me See HeroTests */,
				04EF6885236B161500C141F6 /* Me See HeroUITests */,
				04EF6861236B161400C141F6 /* Products */,
			);
			sourceTree = "<group>";
		};
		04EF6861236B161400C141F6 /* Products */ = {
			isa = PBXGroup;
			children = (
				04EF6860236B161400C141F6 /* Me See Hero.app */,
				04EF6877236B161500C141F6 /* Me See HeroTests.xctest */,
				04EF6882236B161500C141F6 /* Me See HeroUITests.xctest */,
			);
			name = Products;
			sourceTree = "<group>";
		};
		04EF6862236B161400C141F6 /* Me See Hero */ = {
			isa = PBXGroup;
			children = (
				04EF6863236B161400C141F6 /* AppDelegate.swift */,
				04EF6865236B161400C141F6 /* ViewController.swift */,
				04BE6463236EAD0D00D263BE /* HeroDetailViewController.swift */,
				044A88E6236D9D10001B02C3 /* AddViewController.swift */,
				0478D4CD236DC44300E3179F /* UIView+Extension.swift */,
				044A88EE236DA13D001B02C3 /* HeroModel+CoreDataClass.swift */,
				04BE6465236EBCF600D263BE /* HeroModel+CoreDataProperties.swift */,
				04BE646B236EC34B00D263BE /* Localizable.strings */,
				04EF6867236B161400C141F6 /* Main.storyboard */,
				04EF686D236B161500C141F6 /* Assets.xcassets */,
				04EF686F236B161500C141F6 /* LaunchScreen.storyboard */,
				04EF6872236B161500C141F6 /* Info.plist */,
				04EF686A236B161400C141F6 /* Me_See_Hero.xcdatamodeld */,
			);
			path = "Me See Hero";
			sourceTree = "<group>";
		};
		04EF687A236B161500C141F6 /* Me See HeroTests */ = {
			isa = PBXGroup;
			children = (
				04EF687B236B161500C141F6 /* Me_See_HeroTests.swift */,
				04EF687D236B161500C141F6 /* Info.plist */,
			);
			path = "Me See HeroTests";
			sourceTree = "<group>";
		};
		04EF6885236B161500C141F6 /* Me See HeroUITests */ = {
			isa = PBXGroup;
			children = (
				04EF6886236B161500C141F6 /* Me_See_HeroUITests.swift */,
				04EF6888236B161500C141F6 /* Info.plist */,
			);
			path = "Me See HeroUITests";
			sourceTree = "<group>";
		};
/* End PBXGroup section */

/* Begin PBXNativeTarget section */
		04EF685F236B161400C141F6 /* Me See Hero */ = {
			isa = PBXNativeTarget;
			buildConfigurationList = 04EF688B236B161500C141F6 /* Build configuration list for PBXNativeTarget "Me See Hero" */;
			buildPhases = (
				04EF685C236B161400C141F6 /* Sources */,
				04EF685D236B161400C141F6 /* Frameworks */,
				04EF685E236B161400C141F6 /* Resources */,
			);
			buildRules = (
			);
			dependencies = (
			);
			name = "Me See Hero";
			productName = "Me See Hero";
			productReference = 04EF6860236B161400C141F6 /* Me See Hero.app */;
			productType = "com.apple.product-type.application";
		};
		04EF6876236B161500C141F6 /* Me See HeroTests */ = {
			isa = PBXNativeTarget;
			buildConfigurationList = 04EF688E236B161500C141F6 /* Build configuration list for PBXNativeTarget "Me See HeroTests" */;
			buildPhases = (
				04EF6873236B161500C141F6 /* Sources */,
				04EF6874236B161500C141F6 /* Frameworks */,
				04EF6875236B161500C141F6 /* Resources */,
			);
			buildRules = (
			);
			dependencies = (
				04EF6879236B161500C141F6 /* PBXTargetDependency */,
			);
			name = "Me See HeroTests";
			productName = "Me See HeroTests";
			productReference = 04EF6877236B161500C141F6 /* Me See HeroTests.xctest */;
			productType = "com.apple.product-type.bundle.unit-test";
		};
		04EF6881236B161500C141F6 /* Me See HeroUITests */ = {
			isa = PBXNativeTarget;
			buildConfigurationList = 04EF6891236B161500C141F6 /* Build configuration list for PBXNativeTarget "Me See HeroUITests" */;
			buildPhases = (
				04EF687E236B161500C141F6 /* Sources */,
				04EF687F236B161500C141F6 /* Frameworks */,
				04EF6880236B161500C141F6 /* Resources */,
			);
			buildRules = (
			);
			dependencies = (
				04EF6884236B161500C141F6 /* PBXTargetDependency */,
			);
			name = "Me See HeroUITests";
			productName = "Me See HeroUITests";
			productReference = 04EF6882236B161500C141F6 /* Me See HeroUITests.xctest */;
			productType = "com.apple.product-type.bundle.ui-testing";
		};
/* End PBXNativeTarget section */

/* Begin PBXProject section */
		04EF6858236B161400C141F6 /* Project object */ = {
			isa = PBXProject;
			attributes = {
				LastSwiftUpdateCheck = 1030;
				LastUpgradeCheck = 1030;
				ORGANIZATIONNAME = ydu1717;
				TargetAttributes = {
					04EF685F236B161400C141F6 = {
						CreatedOnToolsVersion = 10.3;
					};
					04EF6876236B161500C141F6 = {
						CreatedOnToolsVersion = 10.3;
						TestTargetID = 04EF685F236B161400C141F6;
					};
					04EF6881236B161500C141F6 = {
						CreatedOnToolsVersion = 10.3;
						TestTargetID = 04EF685F236B161400C141F6;
					};
				};
			};
			buildConfigurationList = 04EF685B236B161400C141F6 /* Build configuration list for PBXProject "Me See Hero" */;
			compatibilityVersion = "Xcode 9.3";
			developmentRegion = en;
			hasScannedForEncodings = 0;
			knownRegions = (
				en,
				Base,
				"zh-Hans",
			);
			mainGroup = 04EF6857236B161400C141F6;
			productRefGroup = 04EF6861236B161400C141F6 /* Products */;
			projectDirPath = "";
			projectRoot = "";
			targets = (
				04EF685F236B161400C141F6 /* Me See Hero */,
				04EF6876236B161500C141F6 /* Me See HeroTests */,
				04EF6881236B161500C141F6 /* Me See HeroUITests */,
			);
		};
/* End PBXProject section */

/* Begin PBXResourcesBuildPhase section */
		04EF685E236B161400C141F6 /* Resources */ = {
			isa = PBXResourcesBuildPhase;
			buildActionMask = 2147483647;
			files = (
				04EF6871236B161500C141F6 /* LaunchScreen.storyboard in Resources */,
				04BE6469236EC34B00D263BE /* Localizable.strings in Resources */,
				04EF686E236B161500C141F6 /* Assets.xcassets in Resources */,
				04EF6869236B161400C141F6 /* Main.storyboard in Resources */,
			);
			runOnlyForDeploymentPostprocessing = 0;
		};
		04EF6875236B161500C141F6 /* Resources */ = {
			isa = PBXResourcesBuildPhase;
			buildActionMask = 2147483647;
			files = (
			);
			runOnlyForDeploymentPostprocessing = 0;
		};
		04EF6880236B161500C141F6 /* Resources */ = {
			isa = PBXResourcesBuildPhase;
			buildActionMask = 2147483647;
			files = (
			);
			runOnlyForDeploymentPostprocessing = 0;
		};
/* End PBXResourcesBuildPhase section */

/* Begin PBXSourcesBuildPhase section */
		04EF685C236B161400C141F6 /* Sources */ = {
			isa = PBXSourcesBuildPhase;
			buildActionMask = 2147483647;
			files = (
				04EF686C236B161400C141F6 /* Me_See_Hero.xcdatamodeld in Sources */,
				04BE6464236EAD0D00D263BE /* HeroDetailViewController.swift in Sources */,
				0478D4CE236DC44300E3179F /* UIView+Extension.swift in Sources */,
				04BE6466236EBCF600D263BE /* HeroModel+CoreDataProperties.swift in Sources */,
				044A88E7236D9D10001B02C3 /* AddViewController.swift in Sources */,
				04EF6866236B161400C141F6 /* ViewController.swift in Sources */,
				04EF6864236B161400C141F6 /* AppDelegate.swift in Sources */,
				044A88F0236DA13D001B02C3 /* HeroModel+CoreDataClass.swift in Sources */,
			);
			runOnlyForDeploymentPostprocessing = 0;
		};
		04EF6873236B161500C141F6 /* Sources */ = {
			isa = PBXSourcesBuildPhase;
			buildActionMask = 2147483647;
			files = (
				04EF687C236B161500C141F6 /* Me_See_HeroTests.swift in Sources */,
			);
			runOnlyForDeploymentPostprocessing = 0;
		};
		04EF687E236B161500C141F6 /* Sources */ = {
			isa = PBXSourcesBuildPhase;
			buildActionMask = 2147483647;
			files = (
				04EF6887236B161500C141F6 /* Me_See_HeroUITests.swift in Sources */,
			);
			runOnlyForDeploymentPostprocessing = 0;
		};
/* End PBXSourcesBuildPhase section */

/* Begin PBXTargetDependency section */
		04EF6879236B161500C141F6 /* PBXTargetDependency */ = {
			isa = PBXTargetDependency;
			target = 04EF685F236B161400C141F6 /* Me See Hero */;
			targetProxy = 04EF6878236B161500C141F6 /* PBXContainerItemProxy */;
		};
		04EF6884236B161500C141F6 /* PBXTargetDependency */ = {
			isa = PBXTargetDependency;
			target = 04EF685F236B161400C141F6 /* Me See Hero */;
			targetProxy = 04EF6883236B161500C141F6 /* PBXContainerItemProxy */;
		};
/* End PBXTargetDependency section */

/* Begin PBXVariantGroup section */
		04BE646B236EC34B00D263BE /* Localizable.strings */ = {
			isa = PBXVariantGroup;
			children = (
				04BE646A236EC34B00D263BE /* en */,
			);
			name = Localizable.strings;
			sourceTree = "<group>";
		};
		04EF6867236B161400C141F6 /* Main.storyboard */ = {
			isa = PBXVariantGroup;
			children = (
				04EF6868236B161400C141F6 /* Base */,
				044A88E8236D9F2F001B02C3 /* zh-Hans */,
			);
			name = Main.storyboard;
			sourceTree = "<group>";
		};
		04EF686F236B161500C141F6 /* LaunchScreen.storyboard */ = {
			isa = PBXVariantGroup;
			children = (
				04EF6870236B161500C141F6 /* Base */,
				044A88E9236D9F2F001B02C3 /* zh-Hans */,
			);
			name = LaunchScreen.storyboard;
			sourceTree = "<group>";
		};
/* End PBXVariantGroup section */

/* Begin XCBuildConfiguration section */
		04EF6889236B161500C141F6 /* Debug */ = {
			isa = XCBuildConfiguration;
			buildSettings = {
				ALWAYS_SEARCH_USER_PATHS = NO;
				CLANG_ANALYZER_LOCALIZABILITY_NONLOCALIZED = YES;
				CLANG_ANALYZER_NONNULL = YES;
				CLANG_ANALYZER_NUMBER_OBJECT_CONVERSION = YES_AGGRESSIVE;
				CLANG_CXX_LANGUAGE_STANDARD = "gnu++14";
				CLANG_CXX_LIBRARY = "libc++";
				CLANG_ENABLE_MODULES = YES;
				CLANG_ENABLE_OBJC_ARC = YES;
				CLANG_ENABLE_OBJC_WEAK = YES;
				CLANG_WARN_BLOCK_CAPTURE_AUTORELEASING = YES;
				CLANG_WARN_BOOL_CONVERSION = YES;
				CLANG_WARN_COMMA = YES;
				CLANG_WARN_CONSTANT_CONVERSION = YES;
				CLANG_WARN_DEPRECATED_OBJC_IMPLEMENTATIONS = YES;
				CLANG_WARN_DIRECT_OBJC_ISA_USAGE = YES_ERROR;
				CLANG_WARN_DOCUMENTATION_COMMENTS = YES;
				CLANG_WARN_EMPTY_BODY = YES;
				CLANG_WARN_ENUM_CONVERSION = YES;
				CLANG_WARN_INFINITE_RECURSION = YES;
				CLANG_WARN_INT_CONVERSION = YES;
				CLANG_WARN_NON_LITERAL_NULL_CONVERSION = YES;
				CLANG_WARN_OBJC_IMPLICIT_RETAIN_SELF = YES;
				CLANG_WARN_OBJC_LITERAL_CONVERSION = YES;
				CLANG_WARN_OBJC_ROOT_CLASS = YES_ERROR;
				CLANG_WARN_RANGE_LOOP_ANALYSIS = YES;
				CLANG_WARN_STRICT_PROTOTYPES = YES;
				CLANG_WARN_SUSPICIOUS_MOVE = YES;
				CLANG_WARN_UNGUARDED_AVAILABILITY = YES_AGGRESSIVE;
				CLANG_WARN_UNREACHABLE_CODE = YES;
				CLANG_WARN__DUPLICATE_METHOD_MATCH = YES;
				CODE_SIGN_IDENTITY = "iPhone Developer";
				COPY_PHASE_STRIP = NO;
				DEBUG_INFORMATION_FORMAT = dwarf;
				ENABLE_STRICT_OBJC_MSGSEND = YES;
				ENABLE_TESTABILITY = YES;
				GCC_C_LANGUAGE_STANDARD = gnu11;
				GCC_DYNAMIC_NO_PIC = NO;
				GCC_NO_COMMON_BLOCKS = YES;
				GCC_OPTIMIZATION_LEVEL = 0;
				GCC_PREPROCESSOR_DEFINITIONS = (
					"DEBUG=1",
					"$(inherited)",
				);
				GCC_WARN_64_TO_32_BIT_CONVERSION = YES;
				GCC_WARN_ABOUT_RETURN_TYPE = YES_ERROR;
				GCC_WARN_UNDECLARED_SELECTOR = YES;
				GCC_WARN_UNINITIALIZED_AUTOS = YES_AGGRESSIVE;
				GCC_WARN_UNUSED_FUNCTION = YES;
				GCC_WARN_UNUSED_VARIABLE = YES;
				IPHONEOS_DEPLOYMENT_TARGET = 12.4;
				MTL_ENABLE_DEBUG_INFO = INCLUDE_SOURCE;
				MTL_FAST_MATH = YES;
				ONLY_ACTIVE_ARCH = YES;
				SDKROOT = iphoneos;
				SWIFT_ACTIVE_COMPILATION_CONDITIONS = DEBUG;
				SWIFT_OPTIMIZATION_LEVEL = "-Onone";
			};
			name = Debug;
		};
		04EF688A236B161500C141F6 /* Release */ = {
			isa = XCBuildConfiguration;
			buildSettings = {
				ALWAYS_SEARCH_USER_PATHS = NO;
				CLANG_ANALYZER_LOCALIZABILITY_NONLOCALIZED = YES;
				CLANG_ANALYZER_NONNULL = YES;
				CLANG_ANALYZER_NUMBER_OBJECT_CONVERSION = YES_AGGRESSIVE;
				CLANG_CXX_LANGUAGE_STANDARD = "gnu++14";
				CLANG_CXX_LIBRARY = "libc++";
				CLANG_ENABLE_MODULES = YES;
				CLANG_ENABLE_OBJC_ARC = YES;
				CLANG_ENABLE_OBJC_WEAK = YES;
				CLANG_WARN_BLOCK_CAPTURE_AUTORELEASING = YES;
				CLANG_WARN_BOOL_CONVERSION = YES;
				CLANG_WARN_COMMA = YES;
				CLANG_WARN_CONSTANT_CONVERSION = YES;
				CLANG_WARN_DEPRECATED_OBJC_IMPLEMENTATIONS = YES;
				CLANG_WARN_DIRECT_OBJC_ISA_USAGE = YES_ERROR;
				CLANG_WARN_DOCUMENTATION_COMMENTS = YES;
				CLANG_WARN_EMPTY_BODY = YES;
				CLANG_WARN_ENUM_CONVERSION = YES;
				CLANG_WARN_INFINITE_RECURSION = YES;
				CLANG_WARN_INT_CONVERSION = YES;
				CLANG_WARN_NON_LITERAL_NULL_CONVERSION = YES;
				CLANG_WARN_OBJC_IMPLICIT_RETAIN_SELF = YES;
				CLANG_WARN_OBJC_LITERAL_CONVERSION = YES;
				CLANG_WARN_OBJC_ROOT_CLASS = YES_ERROR;
				CLANG_WARN_RANGE_LOOP_ANALYSIS = YES;
				CLANG_WARN_STRICT_PROTOTYPES = YES;
				CLANG_WARN_SUSPICIOUS_MOVE = YES;
				CLANG_WARN_UNGUARDED_AVAILABILITY = YES_AGGRESSIVE;
				CLANG_WARN_UNREACHABLE_CODE = YES;
				CLANG_WARN__DUPLICATE_METHOD_MATCH = YES;
				CODE_SIGN_IDENTITY = "iPhone Developer";
				COPY_PHASE_STRIP = NO;
				DEBUG_INFORMATION_FORMAT = "dwarf-with-dsym";
				ENABLE_NS_ASSERTIONS = NO;
				ENABLE_STRICT_OBJC_MSGSEND = YES;
				GCC_C_LANGUAGE_STANDARD = gnu11;
				GCC_NO_COMMON_BLOCKS = YES;
				GCC_WARN_64_TO_32_BIT_CONVERSION = YES;
				GCC_WARN_ABOUT_RETURN_TYPE = YES_ERROR;
				GCC_WARN_UNDECLARED_SELECTOR = YES;
				GCC_WARN_UNINITIALIZED_AUTOS = YES_AGGRESSIVE;
				GCC_WARN_UNUSED_FUNCTION = YES;
				GCC_WARN_UNUSED_VARIABLE = YES;
				IPHONEOS_DEPLOYMENT_TARGET = 12.4;
				MTL_ENABLE_DEBUG_INFO = NO;
				MTL_FAST_MATH = YES;
				SDKROOT = iphoneos;
				SWIFT_COMPILATION_MODE = wholemodule;
				SWIFT_OPTIMIZATION_LEVEL = "-O";
				VALIDATE_PRODUCT = YES;
			};
			name = Release;
		};
		04EF688C236B161500C141F6 /* Debug */ = {
			isa = XCBuildConfiguration;
			buildSettings = {
				ASSETCATALOG_COMPILER_APPICON_NAME = AppIcon;
				ASSETCATALOG_COMPILER_LAUNCHIMAGE_NAME = LaunchImage;
				CODE_SIGN_STYLE = Manual;
				DEVELOPMENT_TEAM = "";
				INFOPLIST_FILE = "Me See Hero/Info.plist";
				IPHONEOS_DEPLOYMENT_TARGET = 11.0;
				LD_RUNPATH_SEARCH_PATHS = (
					"$(inherited)",
					"@executable_path/Frameworks",
				);
				PRODUCT_BUNDLE_IDENTIFIER = com.meSeeHero.www;
				PRODUCT_NAME = "$(TARGET_NAME)";
				PROVISIONING_PROFILE_SPECIFIER = "";
				SWIFT_VERSION = 5.0;
				TARGETED_DEVICE_FAMILY = 2;
			};
			name = Debug;
		};
		04EF688D236B161500C141F6 /* Release */ = {
			isa = XCBuildConfiguration;
			buildSettings = {
				ASSETCATALOG_COMPILER_APPICON_NAME = AppIcon;
				ASSETCATALOG_COMPILER_LAUNCHIMAGE_NAME = LaunchImage;
				CODE_SIGN_STYLE = Manual;
				DEVELOPMENT_TEAM = "";
				INFOPLIST_FILE = "Me See Hero/Info.plist";
				IPHONEOS_DEPLOYMENT_TARGET = 11.0;
				LD_RUNPATH_SEARCH_PATHS = (
					"$(inherited)",
					"@executable_path/Frameworks",
				);
				PRODUCT_BUNDLE_IDENTIFIER = com.meSeeHero.www;
				PRODUCT_NAME = "$(TARGET_NAME)";
				PROVISIONING_PROFILE_SPECIFIER = "";
				SWIFT_VERSION = 5.0;
				TARGETED_DEVICE_FAMILY = 2;
			};
			name = Release;
		};
		04EF688F236B161500C141F6 /* Debug */ = {
			isa = XCBuildConfiguration;
			buildSettings = {
				ALWAYS_EMBED_SWIFT_STANDARD_LIBRARIES = YES;
				BUNDLE_LOADER = "$(TEST_HOST)";
				CODE_SIGN_STYLE = Automatic;
				INFOPLIST_FILE = "Me See HeroTests/Info.plist";
				LD_RUNPATH_SEARCH_PATHS = (
					"$(inherited)",
					"@executable_path/Frameworks",
					"@loader_path/Frameworks",
				);
				PRODUCT_BUNDLE_IDENTIFIER = "com.meSeeHero.www.Me-See-HeroTests";
				PRODUCT_NAME = "$(TARGET_NAME)";
				SWIFT_VERSION = 5.0;
				TARGETED_DEVICE_FAMILY = "1,2";
				TEST_HOST = "$(BUILT_PRODUCTS_DIR)/Me See Hero.app/Me See Hero";
			};
			name = Debug;
		};
		04EF6890236B161500C141F6 /* Release */ = {
			isa = XCBuildConfiguration;
			buildSettings = {
				ALWAYS_EMBED_SWIFT_STANDARD_LIBRARIES = YES;
				BUNDLE_LOADER = "$(TEST_HOST)";
				CODE_SIGN_STYLE = Automatic;
				INFOPLIST_FILE = "Me See HeroTests/Info.plist";
				LD_RUNPATH_SEARCH_PATHS = (
					"$(inherited)",
					"@executable_path/Frameworks",
					"@loader_path/Frameworks",
				);
				PRODUCT_BUNDLE_IDENTIFIER = "com.meSeeHero.www.Me-See-HeroTests";
				PRODUCT_NAME = "$(TARGET_NAME)";
				SWIFT_VERSION = 5.0;
				TARGETED_DEVICE_FAMILY = "1,2";
				TEST_HOST = "$(BUILT_PRODUCTS_DIR)/Me See Hero.app/Me See Hero";
			};
			name = Release;
		};
		04EF6892236B161500C141F6 /* Debug */ = {
			isa = XCBuildConfiguration;
			buildSettings = {
				ALWAYS_EMBED_SWIFT_STANDARD_LIBRARIES = YES;
				CODE_SIGN_STYLE = Automatic;
				INFOPLIST_FILE = "Me See HeroUITests/Info.plist";
				LD_RUNPATH_SEARCH_PATHS = (
					"$(inherited)",
					"@executable_path/Frameworks",
					"@loader_path/Frameworks",
				);
				PRODUCT_BUNDLE_IDENTIFIER = "com.meSeeHero.www.Me-See-HeroUITests";
				PRODUCT_NAME = "$(TARGET_NAME)";
				SWIFT_VERSION = 5.0;
				TARGETED_DEVICE_FAMILY = "1,2";
				TEST_TARGET_NAME = "Me See Hero";
			};
			name = Debug;
		};
		04EF6893236B161500C141F6 /* Release */ = {
			isa = XCBuildConfiguration;
			buildSettings = {
				ALWAYS_EMBED_SWIFT_STANDARD_LIBRARIES = YES;
				CODE_SIGN_STYLE = Automatic;
				INFOPLIST_FILE = "Me See HeroUITests/Info.plist";
				LD_RUNPATH_SEARCH_PATHS = (
					"$(inherited)",
					"@executable_path/Frameworks",
					"@loader_path/Frameworks",
				);
				PRODUCT_BUNDLE_IDENTIFIER = "com.meSeeHero.www.Me-See-HeroUITests";
				PRODUCT_NAME = "$(TARGET_NAME)";
				SWIFT_VERSION = 5.0;
				TARGETED_DEVICE_FAMILY = "1,2";
				TEST_TARGET_NAME = "Me See Hero";
			};
			name = Release;
		};
/* End XCBuildConfiguration section */

/* Begin XCConfigurationList section */
		04EF685B236B161400C141F6 /* Build configuration list for PBXProject "Me See Hero" */ = {
			isa = XCConfigurationList;
			buildConfigurations = (
				04EF6889236B161500C141F6 /* Debug */,
				04EF688A236B161500C141F6 /* Release */,
			);
			defaultConfigurationIsVisible = 0;
			defaultConfigurationName = Release;
		};
		04EF688B236B161500C141F6 /* Build configuration list for PBXNativeTarget "Me See Hero" */ = {
			isa = XCConfigurationList;
			buildConfigurations = (
				04EF688C236B161500C141F6 /* Debug */,
				04EF688D236B161500C141F6 /* Release */,
			);
			defaultConfigurationIsVisible = 0;
			defaultConfigurationName = Release;
		};
		04EF688E236B161500C141F6 /* Build configuration list for PBXNativeTarget "Me See HeroTests" */ = {
			isa = XCConfigurationList;
			buildConfigurations = (
				04EF688F236B161500C141F6 /* Debug */,
				04EF6890236B161500C141F6 /* Release */,
			);
			defaultConfigurationIsVisible = 0;
			defaultConfigurationName = Release;
		};
		04EF6891236B161500C141F6 /* Build configuration list for PBXNativeTarget "Me See HeroUITests" */ = {
			isa = XCConfigurationList;
			buildConfigurations = (
				04EF6892236B161500C141F6 /* Debug */,
				04EF6893236B161500C141F6 /* Release */,
			);
			defaultConfigurationIsVisible = 0;
			defaultConfigurationName = Release;
		};
/* End XCConfigurationList section */

/* Begin XCVersionGroup section */
		04EF686A236B161400C141F6 /* Me_See_Hero.xcdatamodeld */ = {
			isa = XCVersionGroup;
			children = (
				04EF686B236B161400C141F6 /* Me_See_Hero.xcdatamodel */,
			);
			currentVersion = 04EF686B236B161400C141F6 /* Me_See_Hero.xcdatamodel */;
			path = Me_See_Hero.xcdatamodeld;
			sourceTree = "<group>";
			versionGroupType = wrapper.xcdatamodel;
		};
/* End XCVersionGroup section */
	};
	rootObject = 04EF6858236B161400C141F6 /* Project object */;
}
